# THIS IS AN AUTOGENERATED FILE. DO NOT EDIT THIS FILE DIRECTLY.
# yarn lockfile v1


"@babel/runtime@^7.10.1", "@babel/runtime@^7.11.1", "@babel/runtime@^7.11.2", "@babel/runtime@^7.12.1", "@babel/runtime@^7.12.5", "@babel/runtime@^7.3.1", "@babel/runtime@^7.4.4", "@babel/runtime@^7.5.5", "@babel/runtime@^7.8.3", "@babel/runtime@^7.8.7", "@babel/runtime@^7.9.2":
  "integrity" "sha512-lkqXDcvlFT5rvEjiu6+QYO+1GXrEHRo2LOtS7E4GtX5ESIZOgepqsZBVIj6Pv+a6zqsya9VCgiK1KAK4BvJDAw=="
  "resolved" "https://registry.npmjs.org/@babel/runtime/-/runtime-7.18.9.tgz"
  "version" "7.18.9"
  dependencies:
    "regenerator-runtime" "^0.13.4"

"@emotion/hash@^0.8.0":
  "integrity" "sha512-kBJtf7PH6aWwZ6fka3zQ0p6SBYzx4fl1LoZXE2RrnYST9Xljm7WfKJrU4g/Xr3Beg72MLrp1AWNUmuYJTL7Cow=="
  "resolved" "https://registry.npmjs.org/@emotion/hash/-/hash-0.8.0.tgz"
  "version" "0.8.0"

"@material-ui/core@^4.12.4":
  "integrity" "sha512-tr7xekNlM9LjA6pagJmL8QCgZXaubWUwkJnoYcMKd4gw/t4XiyvnTkjdGrUVicyB2BsdaAv1tvow45bPM4sSwQ=="
  "resolved" "https://registry.npmjs.org/@material-ui/core/-/core-4.12.4.tgz"
  "version" "4.12.4"
  dependencies:
    "@babel/runtime" "^7.4.4"
    "@material-ui/styles" "^4.11.5"
    "@material-ui/system" "^4.12.2"
    "@material-ui/types" "5.1.0"
    "@material-ui/utils" "^4.11.3"
    "@types/react-transition-group" "^4.2.0"
    "clsx" "^1.0.4"
    "hoist-non-react-statics" "^3.3.2"
    "popper.js" "1.16.1-lts"
    "prop-types" "^15.7.2"
    "react-is" "^16.8.0 || ^17.0.0"
    "react-transition-group" "^4.4.0"

"@material-ui/styles@^4.11.5":
  "integrity" "sha512-o/41ot5JJiUsIETME9wVLAJrmIWL3j0R0Bj2kCOLbSfqEkKf0fmaPt+5vtblUh5eXr2S+J/8J3DaCb10+CzPGA=="
  "resolved" "https://registry.npmjs.org/@material-ui/styles/-/styles-4.11.5.tgz"
  "version" "4.11.5"
  dependencies:
    "@babel/runtime" "^7.4.4"
    "@emotion/hash" "^0.8.0"
    "@material-ui/types" "5.1.0"
    "@material-ui/utils" "^4.11.3"
    "clsx" "^1.0.4"
    "csstype" "^2.5.2"
    "hoist-non-react-statics" "^3.3.2"
    "jss" "^10.5.1"
    "jss-plugin-camel-case" "^10.5.1"
    "jss-plugin-default-unit" "^10.5.1"
    "jss-plugin-global" "^10.5.1"
    "jss-plugin-nested" "^10.5.1"
    "jss-plugin-props-sort" "^10.5.1"
    "jss-plugin-rule-value-function" "^10.5.1"
    "jss-plugin-vendor-prefixer" "^10.5.1"
    "prop-types" "^15.7.2"

"@material-ui/system@^4.12.2":
  "integrity" "sha512-6CSKu2MtmiJgcCGf6nBQpM8fLkuB9F55EKfbdTC80NND5wpTmKzwdhLYLH3zL4cLlK0gVaaltW7/wMuyTnN0Lw=="
  "resolved" "https://registry.npmjs.org/@material-ui/system/-/system-4.12.2.tgz"
  "version" "4.12.2"
  dependencies:
    "@babel/runtime" "^7.4.4"
    "@material-ui/utils" "^4.11.3"
    "csstype" "^2.5.2"
    "prop-types" "^15.7.2"

"@material-ui/types@5.1.0":
  "integrity" "sha512-7cqRjrY50b8QzRSYyhSpx4WRw2YuO0KKIGQEVk5J8uoz2BanawykgZGoWEqKm7pVIbzFDN0SpPcVV4IhOFkl8A=="
  "resolved" "https://registry.npmjs.org/@material-ui/types/-/types-5.1.0.tgz"
  "version" "5.1.0"

"@material-ui/utils@^4.11.3":
  "integrity" "sha512-ZuQPV4rBK/V1j2dIkSSEcH5uT6AaHuKWFfotADHsC0wVL1NLd2WkFCm4ZZbX33iO4ydl6V0GPngKm8HZQ2oujg=="
  "resolved" "https://registry.npmjs.org/@material-ui/utils/-/utils-4.11.3.tgz"
  "version" "4.11.3"
  dependencies:
    "@babel/runtime" "^7.4.4"
    "prop-types" "^15.7.2"
    "react-is" "^16.8.0 || ^17.0.0"

"@next/env@12.1.6":
  "integrity" "sha512-Te/OBDXFSodPU6jlXYPAXpmZr/AkG6DCATAxttQxqOWaq6eDFX25Db3dK0120GZrSZmv4QCe9KsZmJKDbWs4OA=="
  "resolved" "https://registry.npmjs.org/@next/env/-/env-12.1.6.tgz"
  "version" "12.1.6"

"@next/swc-win32-x64-msvc@12.1.6":
  "integrity" "sha512-4ZEwiRuZEicXhXqmhw3+de8Z4EpOLQj/gp+D9fFWo6ii6W1kBkNNvvEx4A90ugppu+74pT1lIJnOuz3A9oQeJA=="
  "resolved" "https://registry.npmjs.org/@next/swc-win32-x64-msvc/-/swc-win32-x64-msvc-12.1.6.tgz"
  "version" "12.1.6"

"@popperjs/core@^2.0.0", "@popperjs/core@^2.9.2":
  "integrity" "sha512-9X2obfABZuDVLCgPK9aX0a/x4jaOEweTTWE2+9sr0Qqqevj2Uv5XorvusThmc9XGYpS9yI+fhh8RTafBtGposw=="
  "resolved" "https://registry.npmjs.org/@popperjs/core/-/core-2.11.5.tgz"
  "version" "2.11.5"

"@reduxjs/toolkit@^1.8.1":
  "integrity" "sha512-Q6mzbTpO9nOYRnkwpDlFOAbQnd3g7zj7CtHAZWz5SzE5lcV97Tf8f3SzOO8BoPOMYBFgfZaqTUZqgGu+a0+Fng=="
  "resolved" "https://registry.npmjs.org/@reduxjs/toolkit/-/toolkit-1.8.1.tgz"
  "version" "1.8.1"
  dependencies:
    "immer" "^9.0.7"
    "redux" "^4.1.2"
    "redux-thunk" "^2.4.1"
    "reselect" "^4.1.5"

"@types/hoist-non-react-statics@^3.3.1":
  "integrity" "sha512-iMIqiko6ooLrTh1joXodJK5X9xeEALT1kM5G3ZLhD3hszxBdIEd5C75U834D9mLcINgD4OyZf5uQXjkuYydWvA=="
  "resolved" "https://registry.npmjs.org/@types/hoist-non-react-statics/-/hoist-non-react-statics-3.3.1.tgz"
  "version" "3.3.1"
  dependencies:
    "@types/react" "*"
    "hoist-non-react-statics" "^3.3.0"

"@types/prop-types@*":
  "integrity" "sha512-JCB8C6SnDoQf0cNycqd/35A7MjcnK+ZTqE7judS6o7utxUCg6imJg3QK2qzHKszlTjcj2cn+NwMB2i96ubpj7w=="
  "resolved" "https://registry.npmjs.org/@types/prop-types/-/prop-types-15.7.5.tgz"
  "version" "15.7.5"

"@types/react-transition-group@^4.2.0":
  "integrity" "sha512-juKD/eiSM3/xZYzjuzH6ZwpP+/lejltmiS3QEzV/vmb/Q8+HfDmxu+Baga8UEMGBqV88Nbg4l2hY/K2DkyaLLA=="
  "resolved" "https://registry.npmjs.org/@types/react-transition-group/-/react-transition-group-4.4.5.tgz"
  "version" "4.4.5"
  dependencies:
    "@types/react" "*"

"@types/react@*", "@types/react@^16.8 || ^17.0 || ^18.0", "@types/react@^16.8.6 || ^17.0.0":
  "integrity" "sha512-zJ6IYlJ8cYYxiJfUaZOQee4lh99mFihBoqkOSEGV+dFi9leROW6+PgstzQ+w3gWTnUfskALtQPGHK6dYmPj+2A=="
  "resolved" "https://registry.npmjs.org/@types/react/-/react-17.0.48.tgz"
  "version" "17.0.48"
  dependencies:
    "@types/prop-types" "*"
    "@types/scheduler" "*"
    "csstype" "^3.0.2"

"@types/scheduler@*":
  "integrity" "sha512-hppQEBDmlwhFAXKJX2KnWLYu5yMfi91yazPb2l+lbJiwW+wdo1gNeRA+3RgNSO39WYX2euey41KEwnqesU2Jew=="
  "resolved" "https://registry.npmjs.org/@types/scheduler/-/scheduler-0.16.2.tgz"
  "version" "0.16.2"

"@types/use-sync-external-store@^0.0.3":
  "integrity" "sha512-EwmlvuaxPNej9+T4v5AuBPJa2x2UOJVdjCtDHgcDqitUeOtjnJKJ+apYjVcAoBEMjKW1VVFGZLUb5+qqa09XFA=="
  "resolved" "https://registry.npmjs.org/@types/use-sync-external-store/-/use-sync-external-store-0.0.3.tgz"
  "version" "0.0.3"

"anymatch@~3.1.1":
  "integrity" "sha512-P43ePfOAIupkguHUycrc4qJ9kz8ZiuOUijaETwX7THt0Y/GNK7v0aa8rY816xWjZ7rJdA5XdMcpVFTKMq+RvWg=="
  "resolved" "https://registry.npmjs.org/anymatch/-/anymatch-3.1.2.tgz"
  "version" "3.1.2"
  dependencies:
    "normalize-path" "^3.0.0"
    "picomatch" "^2.0.4"

"binary-extensions@^2.0.0":
  "integrity" "sha512-jDctJ/IVQbZoJykoeHbhXpOlNBqGNcwXJKJog42E5HDPUwQTSdjCHdihjj0DlnheQ7blbT6dHOafNAiS8ooQKA=="
  "resolved" "https://registry.npmjs.org/binary-extensions/-/binary-extensions-2.2.0.tgz"
  "version" "2.2.0"

"body-scroll-lock@^4.0.0-beta.0":
  "integrity" "sha512-a7tP5+0Mw3YlUJcGAKUqIBkYYGlYxk2fnCasq/FUph1hadxlTRjF+gAcZksxANnaMnALjxEddmSi/H3OR8ugcQ=="
  "resolved" "https://registry.npmjs.org/body-scroll-lock/-/body-scroll-lock-4.0.0-beta.0.tgz"
  "version" "4.0.0-beta.0"

"braces@~3.0.2":
  "integrity" "sha512-b8um+L1RzM3WDSzvhm6gIz1yfTbBt6YTlcEKAvsmqCZZFw46z626lVj9j1yEPW33H5H+lBQpZMP1k8l+78Ha0A=="
  "resolved" "https://registry.npmjs.org/braces/-/braces-3.0.2.tgz"
  "version" "3.0.2"
  dependencies:
    "fill-range" "^7.0.1"

"caniuse-lite@^1.0.30001332":
  "integrity" "sha512-kWIMkNzLYxSvnjy0hL8w1NOaWNr2rn39RTAVyIwcw8juu60bZDWiF1/loOYANzjtJmy6qPgNmn38ro5Pygagdw=="
  "resolved" "https://registry.npmjs.org/caniuse-lite/-/caniuse-lite-1.0.30001375.tgz"
  "version" "1.0.30001375"

"chokidar@>=2.0.0 <4.0.0":
  "integrity" "sha512-9+s+Od+W0VJJzawDma/gvBNQqkTiqYTWLuZoyAsivsI4AaWTCzHG06/TMjsf1cYe9Cb97UCEhjz7HvnPk2p/tw=="
  "resolved" "https://registry.npmjs.org/chokidar/-/chokidar-3.5.1.tgz"
  "version" "3.5.1"
  dependencies:
    "anymatch" "~3.1.1"
    "braces" "~3.0.2"
    "glob-parent" "~5.1.0"
    "is-binary-path" "~2.1.0"
    "is-glob" "~4.0.1"
    "normalize-path" "~3.0.0"
    "readdirp" "~3.5.0"
  optionalDependencies:
    "fsevents" "~2.3.1"

"classnames@^2.2.1", "classnames@^2.2.3", "classnames@^2.2.5", "classnames@^2.2.6", "classnames@2.x":
  "integrity" "sha512-JR/iSQOSt+LQIWwrwEzJ9uk0xfN3mTVYMwt1Ir5mUcSN6pU+V4zQFFaJsclJbPuAUQH+yfWef6tm7l1quW3C8Q=="
  "resolved" "https://registry.npmjs.org/classnames/-/classnames-2.2.6.tgz"
  "version" "2.2.6"

"clsx@^1.0.4":
  "integrity" "sha512-EcR6r5a8bj6pu3ycsa/E/cKVGuTgZJZdsyUYHOksG/UHIiKfjxzRxYJpyVBwYaQeOvghal9fcc4PidlgzugAQg=="
  "resolved" "https://registry.npmjs.org/clsx/-/clsx-1.2.1.tgz"
  "version" "1.2.1"

"country-flag-icons@^1.0.2":
  "integrity" "sha512-fUBQ58zfQsSL12ErkFSfBxnQZapzdC8+5ZKqhD1z0EHqPnOuiFl7nZTv8Gqpms+jvweP+pbCYGp7G4aiO9eiMw=="
  "resolved" "https://registry.npmjs.org/country-flag-icons/-/country-flag-icons-1.4.26.tgz"
  "version" "1.4.26"

"css-vendor@^2.0.8":
  "integrity" "sha512-x9Aq0XTInxrkuFeHKbYC7zWY8ai7qJ04Kxd9MnvbC1uO5DagxoHQjm4JvG+vCdXOoFtCjbL2XSZfxmoYa9uQVQ=="
  "resolved" "https://registry.npmjs.org/css-vendor/-/css-vendor-2.0.8.tgz"
  "version" "2.0.8"
  dependencies:
    "@babel/runtime" "^7.8.3"
    "is-in-browser" "^1.0.2"

"csstype@^2.5.2":
  "integrity" "sha512-/WwNkdXfckNgw6S5R125rrW8ez139lBHWouiBvX8dfMFtcn6V81REDqnH7+CRpRipfYlyU1CmOnOxrmGcFOjeA=="
  "resolved" "https://registry.npmjs.org/csstype/-/csstype-2.6.20.tgz"
  "version" "2.6.20"

"csstype@^3.0.2":
  "integrity" "sha512-uX1KG+x9h5hIJsaKR9xHUeUraxf8IODOwq9JLNPq6BwB04a/xgpq3rcx47l5BZu5zBPlgD342tdke3Hom/nJRA=="
  "resolved" "https://registry.npmjs.org/csstype/-/csstype-3.1.0.tgz"
  "version" "3.1.0"

"date-fns@^2.24.0":
  "integrity" "sha512-8d35hViGYx/QH0icHYCeLmsLmMUheMmTyV9Fcm6gvNwdw31yXXH+O85sOBJ+OLnLQMKZowvpKb6FgMIQjcpvQw=="
  "resolved" "https://registry.npmjs.org/date-fns/-/date-fns-2.28.0.tgz"
  "version" "2.28.0"

"dom-align@^1.7.0":
  "integrity" "sha512-pHuazgqrsTFrGU2WLDdXxCFabkdQDx72ddkraZNih1KsMcN5qsRSTR9O4VJRlwTPCPb5COYg3LOfiMHHcPInHg=="
  "resolved" "https://registry.npmjs.org/dom-align/-/dom-align-1.12.2.tgz"
  "version" "1.12.2"

"dom-helpers@^5.0.1":
  "integrity" "sha512-nRCa7CK3VTrM2NmGkIy4cbK7IZlgBE/PYMn55rrXefr5xXDP0LdtfPnblFDoVdcAfslJ7or6iqAUnx0CCGIWQA=="
  "resolved" "https://registry.npmjs.org/dom-helpers/-/dom-helpers-5.2.1.tgz"
  "version" "5.2.1"
  dependencies:
    "@babel/runtime" "^7.8.7"
    "csstype" "^3.0.2"

"enquire.js@^2.1.6":
  "integrity" "sha1-PoeAybi4NQhMP2DhZtvDwqPImBQ="
  "resolved" "https://registry.npmjs.org/enquire.js/-/enquire.js-2.1.6.tgz"
  "version" "2.1.6"

"fill-range@^7.0.1":
  "integrity" "sha512-qOo9F+dMUmC2Lcb4BbVvnKJxTPjCm+RRpe4gDuGrzkL7mEVl/djYSu2OdQ2Pa302N4oqkSg9ir6jaLWJ2USVpQ=="
  "resolved" "https://registry.npmjs.org/fill-range/-/fill-range-7.0.1.tgz"
  "version" "7.0.1"
  dependencies:
    "to-regex-range" "^5.0.1"

"glob-parent@~5.1.0":
  "integrity" "sha512-AOIgSQCepiJYwP3ARnGx+5VnTu2HBYdzbGP45eLw1vr3zB3vZLeyed1sC9hnbcOc9/SrMyM5RPQrkGz4aS9Zow=="
  "resolved" "https://registry.npmjs.org/glob-parent/-/glob-parent-5.1.2.tgz"
  "version" "5.1.2"
  dependencies:
    "is-glob" "^4.0.1"

"hoist-non-react-statics@^3.3.0", "hoist-non-react-statics@^3.3.2":
  "integrity" "sha512-/gGivxi8JPKWNm/W0jSmzcMPpfpPLc3dY/6GxhX2hQ9iGj3aDfklV4ET7NjKpSinLpJ5vafa9iiGIEZg10SfBw=="
  "resolved" "https://registry.npmjs.org/hoist-non-react-statics/-/hoist-non-react-statics-3.3.2.tgz"
  "version" "3.3.2"
  dependencies:
    "react-is" "^16.7.0"

"hyphenate-style-name@^1.0.3":
  "integrity" "sha512-ygGZLjmXfPHj+ZWh6LwbC37l43MhfztxetbFCoYTM2VjkIUpeHgSNn7QIyVFj7YQ1Wl9Cbw5sholVJPzWvC2MQ=="
  "resolved" "https://registry.npmjs.org/hyphenate-style-name/-/hyphenate-style-name-1.0.4.tgz"
  "version" "1.0.4"

"immer@^9.0.7":
  "integrity" "sha512-ubBeqQutOSLIFCUBN03jGeOS6a3DoYlSYwYJTa+gSKEZKU5redJIqkIdZ3JVv/4RZpfcXdAWH5zCNLWPRv2WDw=="
  "resolved" "https://registry.npmjs.org/immer/-/immer-9.0.14.tgz"
  "version" "9.0.14"

"input-format@^0.3.7":
  "integrity" "sha512-hgwiCjV7MnhFvX4Hwrvk7hB2a2rcB2CQb7Ex7GlK1ISbEXuLtflwBUnadFSA1rVNDPFh9yWBaJJ4/o1XkzhPIg=="
  "resolved" "https://registry.npmjs.org/input-format/-/input-format-0.3.7.tgz"
  "version" "0.3.7"
  dependencies:
    "prop-types" "^15.7.2"

"is-binary-path@~2.1.0":
  "integrity" "sha512-ZMERYes6pDydyuGidse7OsHxtbI7WVeUEozgR/g7rd0xUimYNlvZRE/K2MgZTjWy725IfelLeVcEM97mmtRGXw=="
  "resolved" "https://registry.npmjs.org/is-binary-path/-/is-binary-path-2.1.0.tgz"
  "version" "2.1.0"
  dependencies:
    "binary-extensions" "^2.0.0"

"is-extglob@^2.1.1":
  "integrity" "sha1-qIwCU1eR8C7TfHahueqXc8gz+MI="
  "resolved" "https://registry.npmjs.org/is-extglob/-/is-extglob-2.1.1.tgz"
  "version" "2.1.1"

"is-glob@^4.0.1", "is-glob@~4.0.1":
  "integrity" "sha512-xelSayHH36ZgE7ZWhli7pW34hNbNl8Ojv5KVmkJD4hBdD3th8Tfk9vYasLM+mXWOZhFkgZfxhLSnrwRr4elSSg=="
  "resolved" "https://registry.npmjs.org/is-glob/-/is-glob-4.0.3.tgz"
  "version" "4.0.3"
  dependencies:
    "is-extglob" "^2.1.1"

"is-in-browser@^1.0.2", "is-in-browser@^1.1.3":
  "integrity" "sha1-Vv9NtoOgeMYILrldrX3GLh0E+DU="
  "resolved" "https://registry.npmjs.org/is-in-browser/-/is-in-browser-1.1.3.tgz"
  "version" "1.1.3"

"is-number@^7.0.0":
  "integrity" "sha512-41Cifkg6e8TylSpdtTpeLVMqvSBEVzTttHvERD741+pnZ8ANv0004MRL43QKPDlK9cGvNp6NZWZUBlbGXYxxng=="
  "resolved" "https://registry.npmjs.org/is-number/-/is-number-7.0.0.tgz"
  "version" "7.0.0"

"jquery@>=1.8.0":
  "integrity" "sha512-JVzAR/AjBvVt2BmYhxRCSYysDsPcssdmTFnzyLEts9qNwmjmu4JTAMYubEfwVOSwpQ1I1sKKFcxhZCI2buerfw=="
  "resolved" "https://registry.npmjs.org/jquery/-/jquery-3.6.0.tgz"
  "version" "3.6.0"

"js-tokens@^3.0.0 || ^4.0.0":
  "integrity" "sha512-RdJUflcE3cUzKiMqQgsCu06FPu9UdIJO0beYbPhHN4k6apgJtifcoCtT9bcxOpYBtpD2kCM6Sbzg4CausW/PKQ=="
  "resolved" "https://registry.npmjs.org/js-tokens/-/js-tokens-4.0.0.tgz"
  "version" "4.0.0"

"json2mq@^0.2.0":
  "integrity" "sha1-tje9O6nqvhIsg+lyBIOusQ0skEo="
  "resolved" "https://registry.npmjs.org/json2mq/-/json2mq-0.2.0.tgz"
  "version" "0.2.0"
  dependencies:
    "string-convert" "^0.2.0"

"jss-plugin-camel-case@^10.5.1":
  "integrity" "sha512-UH6uPpnDk413/r/2Olmw4+y54yEF2lRIV8XIZyuYpgPYTITLlPOsq6XB9qeqv+75SQSg3KLocq5jUBXW8qWWww=="
  "resolved" "https://registry.npmjs.org/jss-plugin-camel-case/-/jss-plugin-camel-case-10.9.0.tgz"
  "version" "10.9.0"
  dependencies:
    "@babel/runtime" "^7.3.1"
    "hyphenate-style-name" "^1.0.3"
    "jss" "10.9.0"

"jss-plugin-default-unit@^10.5.1":
  "integrity" "sha512-7Ju4Q9wJ/MZPsxfu4T84mzdn7pLHWeqoGd/D8O3eDNNJ93Xc8PxnLmV8s8ZPNRYkLdxZqKtm1nPQ0BM4JRlq2w=="
  "resolved" "https://registry.npmjs.org/jss-plugin-default-unit/-/jss-plugin-default-unit-10.9.0.tgz"
  "version" "10.9.0"
  dependencies:
    "@babel/runtime" "^7.3.1"
    "jss" "10.9.0"

"jss-plugin-global@^10.5.1":
  "integrity" "sha512-4G8PHNJ0x6nwAFsEzcuVDiBlyMsj2y3VjmFAx/uHk/R/gzJV+yRHICjT4MKGGu1cJq2hfowFWCyrr/Gg37FbgQ=="
  "resolved" "https://registry.npmjs.org/jss-plugin-global/-/jss-plugin-global-10.9.0.tgz"
  "version" "10.9.0"
  dependencies:
    "@babel/runtime" "^7.3.1"
    "jss" "10.9.0"

"jss-plugin-nested@^10.5.1":
  "integrity" "sha512-2UJnDrfCZpMYcpPYR16oZB7VAC6b/1QLsRiAutOt7wJaaqwCBvNsosLEu/fUyKNQNGdvg2PPJFDO5AX7dwxtoA=="
  "resolved" "https://registry.npmjs.org/jss-plugin-nested/-/jss-plugin-nested-10.9.0.tgz"
  "version" "10.9.0"
  dependencies:
    "@babel/runtime" "^7.3.1"
    "jss" "10.9.0"
    "tiny-warning" "^1.0.2"

"jss-plugin-props-sort@^10.5.1":
  "integrity" "sha512-7A76HI8bzwqrsMOJTWKx/uD5v+U8piLnp5bvru7g/3ZEQOu1+PjHvv7bFdNO3DwNPC9oM0a//KwIJsIcDCjDzw=="
  "resolved" "https://registry.npmjs.org/jss-plugin-props-sort/-/jss-plugin-props-sort-10.9.0.tgz"
  "version" "10.9.0"
  dependencies:
    "@babel/runtime" "^7.3.1"
    "jss" "10.9.0"

"jss-plugin-rule-value-function@^10.5.1":
  "integrity" "sha512-IHJv6YrEf8pRzkY207cPmdbBstBaE+z8pazhPShfz0tZSDtRdQua5jjg6NMz3IbTasVx9FdnmptxPqSWL5tyJg=="
  "resolved" "https://registry.npmjs.org/jss-plugin-rule-value-function/-/jss-plugin-rule-value-function-10.9.0.tgz"
  "version" "10.9.0"
  dependencies:
    "@babel/runtime" "^7.3.1"
    "jss" "10.9.0"
    "tiny-warning" "^1.0.2"

"jss-plugin-vendor-prefixer@^10.5.1":
  "integrity" "sha512-MbvsaXP7iiVdYVSEoi+blrW+AYnTDvHTW6I6zqi7JcwXdc6I9Kbm234nEblayhF38EftoenbM+5218pidmC5gA=="
  "resolved" "https://registry.npmjs.org/jss-plugin-vendor-prefixer/-/jss-plugin-vendor-prefixer-10.9.0.tgz"
  "version" "10.9.0"
  dependencies:
    "@babel/runtime" "^7.3.1"
    "css-vendor" "^2.0.8"
    "jss" "10.9.0"

"jss@^10.5.1", "jss@10.9.0":
  "integrity" "sha512-YpzpreB6kUunQBbrlArlsMpXYyndt9JATbt95tajx0t4MTJJcCJdd4hdNpHmOIDiUJrF/oX5wtVFrS3uofWfGw=="
  "resolved" "https://registry.npmjs.org/jss/-/jss-10.9.0.tgz"
  "version" "10.9.0"
  dependencies:
    "@babel/runtime" "^7.3.1"
    "csstype" "^3.0.2"
    "is-in-browser" "^1.1.3"
    "tiny-warning" "^1.0.2"

"libphonenumber-js@^1.9.52":
  "integrity" "sha512-3cuMrA2CY3TbKVC0wKye5dXYgxmVVi4g13gzotprQSguFHMqf0pIrMM2Z6ZtMsSWqvtIqi5TuQhGjMhxz0O9Mw=="
  "resolved" "https://registry.npmjs.org/libphonenumber-js/-/libphonenumber-js-1.9.53.tgz"
  "version" "1.9.53"

"lodash.debounce@^4.0.8":
  "integrity" "sha1-gteb/zCmfEAF/9XiUVMArZyk168="
  "resolved" "https://registry.npmjs.org/lodash.debounce/-/lodash.debounce-4.0.8.tgz"
  "version" "4.0.8"

"lodash@^4.17.21":
  "integrity" "sha512-v2kDEe57lecTulaDIuNTPy3Ry4gLGJ6Z1O3vE1krgXZNrsQ+LFTGHVxVjcXPs17LhbZVGedAJv8XZ1tvj5FvSg=="
  "resolved" "https://registry.npmjs.org/lodash/-/lodash-4.17.21.tgz"
  "version" "4.17.21"

"loose-envify@^1.0.0", "loose-envify@^1.1.0", "loose-envify@^1.4.0":
  "integrity" "sha512-lyuxPGr/Wfhrlem2CL/UcnUc1zcqKAImBDzukY7Y5F/yQiNdko6+fRLevlw1HgMySw7f611UIY408EtxRSoK3Q=="
  "resolved" "https://registry.npmjs.org/loose-envify/-/loose-envify-1.4.0.tgz"
  "version" "1.4.0"
  dependencies:
    "js-tokens" "^3.0.0 || ^4.0.0"

"nanoid@^3.1.30":
  "integrity" "sha512-MqBkQh/OHTS2egovRtLk45wEyNXwF+cokD+1YPf9u5VfJiRdAiRwB2froX5Co9Rh20xs4siNPm8naNotSD6RBw=="
  "resolved" "https://registry.npmjs.org/nanoid/-/nanoid-3.3.4.tgz"
  "version" "3.3.4"

"next@^12.1.6":
  "integrity" "sha512-cebwKxL3/DhNKfg9tPZDQmbRKjueqykHHbgaoG4VBRH3AHQJ2HO0dbKFiS1hPhe1/qgc2d/hFeadsbPicmLD+A=="
  "resolved" "https://registry.npmjs.org/next/-/next-12.1.6.tgz"
  "version" "12.1.6"
  dependencies:
    "@next/env" "12.1.6"
    "caniuse-lite" "^1.0.30001332"
    "postcss" "8.4.5"
    "styled-jsx" "5.0.2"
  optionalDependencies:
    "@next/swc-android-arm-eabi" "12.1.6"
    "@next/swc-android-arm64" "12.1.6"
    "@next/swc-darwin-arm64" "12.1.6"
    "@next/swc-darwin-x64" "12.1.6"
    "@next/swc-linux-arm-gnueabihf" "12.1.6"
    "@next/swc-linux-arm64-gnu" "12.1.6"
    "@next/swc-linux-arm64-musl" "12.1.6"
    "@next/swc-linux-x64-gnu" "12.1.6"
    "@next/swc-linux-x64-musl" "12.1.6"
    "@next/swc-win32-arm64-msvc" "12.1.6"
    "@next/swc-win32-ia32-msvc" "12.1.6"
    "@next/swc-win32-x64-msvc" "12.1.6"

"normalize-path@^3.0.0", "normalize-path@~3.0.0":
  "integrity" "sha512-6eZs5Ls3WtCisHWp9S2GUy8dqkpGi4BVSz3GaqiE6ezub0512ESztXUwUB6C6IKbQkY2Pnb/mD4WYojCRwcwLA=="
  "resolved" "https://registry.npmjs.org/normalize-path/-/normalize-path-3.0.0.tgz"
  "version" "3.0.0"

"object-assign@^4.1.1":
  "integrity" "sha1-IQmtx5ZYh8/AXLvUQsrIv7s2CGM="
  "resolved" "https://registry.npmjs.org/object-assign/-/object-assign-4.1.1.tgz"
  "version" "4.1.1"

"picocolors@^1.0.0":
  "integrity" "sha512-1fygroTLlHu66zi26VoTDv8yRgm0Fccecssto+MhsZ0D/DGW2sm8E8AjW7NU5VVTRt5GxbeZ5qBuJr+HyLYkjQ=="
  "resolved" "https://registry.npmjs.org/picocolors/-/picocolors-1.0.0.tgz"
  "version" "1.0.0"

"picomatch@^2.0.4", "picomatch@^2.2.1":
  "integrity" "sha512-lY1Q/PiJGC2zOv/z391WOTD+Z02bCgsFfvxoXXf6h7kv9o+WmsmzYqrAwY63sNgOxE4xEdq0WyUnXfKeBrSvYw=="
  "resolved" "https://registry.npmjs.org/picomatch/-/picomatch-2.3.0.tgz"
  "version" "2.3.0"

"popper.js@1.16.1-lts":
  "integrity" "sha512-Kjw8nKRl1m+VrSFCoVGPph93W/qrSO7ZkqPpTf7F4bk/sqcfWK019dWBUpE/fBOsOQY1dks/Bmcbfn1heM/IsA=="
  "resolved" "https://registry.npmjs.org/popper.js/-/popper.js-1.16.1-lts.tgz"
  "version" "1.16.1-lts"

"postcss@8.4.5":
  "integrity" "sha512-jBDboWM8qpaqwkMwItqTQTiFikhs/67OYVvblFFTM7MrZjt6yMKd6r2kgXizEbTTljacm4NldIlZnhbjr84QYg=="
  "resolved" "https://registry.npmjs.org/postcss/-/postcss-8.4.5.tgz"
  "version" "8.4.5"
  dependencies:
    "nanoid" "^3.1.30"
    "picocolors" "^1.0.0"
    "source-map-js" "^1.0.1"

"prop-types@^15.6.2", "prop-types@^15.7.2", "prop-types@^15.8.1":
  "integrity" "sha512-oj87CgZICdulUohogVAR7AjlC0327U4el4L6eAvOqCeudMDVU0NThNaV+b9Df4dXgSP1gXMTnPdhfe/2qDH5cg=="
  "resolved" "https://registry.npmjs.org/prop-types/-/prop-types-15.8.1.tgz"
  "version" "15.8.1"
  dependencies:
    "loose-envify" "^1.4.0"
    "object-assign" "^4.1.1"
    "react-is" "^16.13.1"

"rc-align@^4.0.0":
  "integrity" "sha512-n9mQfIYQbbNTbefyQnRHZPWuTEwG1rY4a9yKlIWHSTbgwI+XUMGRYd0uJ5pE2UbrNX0WvnMBA1zJ3Lrecpra/A=="
  "resolved" "https://registry.npmjs.org/rc-align/-/rc-align-4.0.11.tgz"
  "version" "4.0.11"
  dependencies:
    "@babel/runtime" "^7.10.1"
    "classnames" "2.x"
    "dom-align" "^1.7.0"
    "lodash" "^4.17.21"
    "rc-util" "^5.3.0"
    "resize-observer-polyfill" "^1.5.1"

"rc-motion@^2.0.0":
  "integrity" "sha512-ms7n1+/TZQBS0Ydd2Q5P4+wJTSOrhIrwNxLXCZpR7Fa3/oac7Yi803HDALc2hLAKaCTQtw9LmQeB58zcwOsqlQ=="
  "resolved" "https://registry.npmjs.org/rc-motion/-/rc-motion-2.4.4.tgz"
  "version" "2.4.4"
  dependencies:
    "@babel/runtime" "^7.11.1"
    "classnames" "^2.2.1"
    "rc-util" "^5.2.1"

"rc-slider@^9.7.4":
  "integrity" "sha512-pjLKLiDKiaL7/pNywfIBD+lDo5TtVo05KuIBSWEIoqu6FHh6IMWvthCiaODuYaVs3RLeF2nXOP5AjkD2Lt2Rwg=="
  "resolved" "https://registry.npmjs.org/rc-slider/-/rc-slider-9.7.4.tgz"
  "version" "9.7.4"
  dependencies:
    "@babel/runtime" "^7.10.1"
    "classnames" "^2.2.5"
    "rc-tooltip" "^5.0.1"
    "rc-util" "^5.0.0"
    "shallowequal" "^1.1.0"

"rc-tooltip@^5.0.1":
  "integrity" "sha512-alt8eGMJulio6+4/uDm7nvV+rJq9bsfxFDCI0ljPdbuoygUscbsMYb6EQgwib/uqsXQUvzk+S7A59uYHmEgmDA=="
  "resolved" "https://registry.npmjs.org/rc-tooltip/-/rc-tooltip-5.1.1.tgz"
  "version" "5.1.1"
  dependencies:
    "@babel/runtime" "^7.11.2"
    "rc-trigger" "^5.0.0"

"rc-trigger@^5.0.0":
  "integrity" "sha512-FkUf4H9BOFDaIwu42fvRycXMAvkttph9AlbCZXssZDVzz2L+QZ0ERvfB/4nX3ZFPh1Zd+uVGr1DEDeXxq4J1TA=="
  "resolved" "https://registry.npmjs.org/rc-trigger/-/rc-trigger-5.2.10.tgz"
  "version" "5.2.10"
  dependencies:
    "@babel/runtime" "^7.11.2"
    "classnames" "^2.2.6"
    "rc-align" "^4.0.0"
    "rc-motion" "^2.0.0"
    "rc-util" "^5.5.0"

"rc-util@^5.0.0", "rc-util@^5.2.1", "rc-util@^5.3.0", "rc-util@^5.5.0":
  "integrity" "sha512-8RI8sjOCXD3FhD3dzQNBQetpGol6BBd3sHQ/8jSGk9NPT0CH3JGtBfPODnASyE7AdDpCFQMOmgcp9CBs3S/1hg=="
  "resolved" "https://registry.npmjs.org/rc-util/-/rc-util-5.15.0.tgz"
  "version" "5.15.0"
  dependencies:
    "@babel/runtime" "^7.12.5"
    "react-is" "^16.12.0"
    "shallowequal" "^1.1.0"

"react-datepicker@^4.7.0":
  "integrity" "sha512-FS8KgbwqpxmJBv/bUdA42MYqYZa+fEYcpc746DZiHvVE2nhjrW/dg7c5B5fIUuI8gZET6FOzuDgezNcj568Czw=="
  "resolved" "https://registry.npmjs.org/react-datepicker/-/react-datepicker-4.7.0.tgz"
  "version" "4.7.0"
  dependencies:
    "@popperjs/core" "^2.9.2"
    "classnames" "^2.2.6"
    "date-fns" "^2.24.0"
    "prop-types" "^15.7.2"
    "react-onclickoutside" "^6.12.0"
    "react-popper" "^2.2.5"

"react-dom@^0.14.0 || ^15.0.1 || ^16.0.0 || ^17.0.0", "react-dom@^0.14.7 || ^15.0.0-0 || ^16.0.0 || ^17.0.0", "react-dom@^15.0.0 || ^16.0.0 || ^17.0.0 || ^18.0.0", "react-dom@^15.5.x || ^16.x || ^17.x", "react-dom@^16.8 || ^17.0 || ^18.0", "react-dom@^16.8.0 || ^17 || ^18", "react-dom@^16.8.0 || ^17.0.0", "react-dom@^16.9.0 || ^17", "react-dom@^17.0.2", "react-dom@^17.0.2 || ^18.0.0-0", "react-dom@>=0.16.8", "react-dom@>=16.6.0", "react-dom@>=16.8.0", "react-dom@>=16.9.0":
  "integrity" "sha512-s4h96KtLDUQlsENhMn1ar8t2bEa+q/YAtj8pPPdIjPDGBDIVNsrD9aXNWqspUe6AzKCIG0C1HZZLqLV7qpOBGA=="
  "resolved" "https://registry.npmjs.org/react-dom/-/react-dom-17.0.2.tgz"
  "version" "17.0.2"
  dependencies:
    "loose-envify" "^1.1.0"
    "object-assign" "^4.1.1"
    "scheduler" "^0.20.2"

"react-dropdown@^1.9.2":
  "integrity" "sha512-g4eufErTi5P5T5bGK+VmLl//qvAHy79jm6KKx8G2Tl3mG90bpigb+Aw85P+C2JUdAnIIQdv8kP/oHN314GvAfw=="
  "resolved" "https://registry.npmjs.org/react-dropdown/-/react-dropdown-1.9.2.tgz"
  "version" "1.9.2"
  dependencies:
    "classnames" "^2.2.3"

"react-fast-compare@^3.0.1":
  "integrity" "sha512-rtGImPZ0YyLrscKI9xTpV8psd6I8VAtjKCzQDlzyDvqJA8XOW78TXYQwNRNd8g8JZnDu8q9Fu/1v4HPAVwVdHA=="
  "resolved" "https://registry.npmjs.org/react-fast-compare/-/react-fast-compare-3.2.0.tgz"
  "version" "3.2.0"

"react-is@^16.12.0":
  "integrity" "sha512-24e6ynE2H+OKt4kqsOvNd8kBpV65zoxbA4BVsEOB3ARVWQki/DHzaUoC5KuON/BiccDaCCTZBuOcfZs70kR8bQ=="
  "resolved" "https://registry.npmjs.org/react-is/-/react-is-16.13.1.tgz"
  "version" "16.13.1"

"react-is@^16.13.1":
  "integrity" "sha512-24e6ynE2H+OKt4kqsOvNd8kBpV65zoxbA4BVsEOB3ARVWQki/DHzaUoC5KuON/BiccDaCCTZBuOcfZs70kR8bQ=="
  "resolved" "https://registry.npmjs.org/react-is/-/react-is-16.13.1.tgz"
  "version" "16.13.1"

"react-is@^16.7.0":
  "integrity" "sha512-24e6ynE2H+OKt4kqsOvNd8kBpV65zoxbA4BVsEOB3ARVWQki/DHzaUoC5KuON/BiccDaCCTZBuOcfZs70kR8bQ=="
  "resolved" "https://registry.npmjs.org/react-is/-/react-is-16.13.1.tgz"
  "version" "16.13.1"

"react-is@^16.8.0 || ^17.0.0":
  "integrity" "sha512-w2GsyukL62IJnlaff/nRegPQR94C/XXamvMWmSHRJ4y7Ts/4ocGRmTHvOs8PSE6pB3dWOrD/nueuU5sduBsQ4w=="
  "resolved" "https://registry.npmjs.org/react-is/-/react-is-17.0.2.tgz"
  "version" "17.0.2"

"react-is@^18.0.0":
  "integrity" "sha512-Fl7FuabXsJnV5Q1qIOQwx/sagGF18kogb4gpfcG4gjLBWO0WDiiz1ko/ExayuxE7InyQkBLkxRFG5oxY6Uu3Kg=="
  "resolved" "https://registry.npmjs.org/react-is/-/react-is-18.1.0.tgz"
  "version" "18.1.0"

"react-onclickoutside@^6.12.0":
  "integrity" "sha512-a5Q7CkWznBRUWPmocCvE8b6lEYw1s6+opp/60dCunhO+G6E4tDTO2Sd2jKE+leEnnrLAE2Wj5DlDHNqj5wPv1Q=="
  "resolved" "https://registry.npmjs.org/react-onclickoutside/-/react-onclickoutside-6.12.1.tgz"
  "version" "6.12.1"

"react-phone-number-input@^3.1.52":
  "integrity" "sha512-EEMRwm6ORQ1Hdu8UjAG5E2R3Nn9aetPDCccmQawPNbDL2KoLmLTPs/5n4C7McT12HT4hGimfVyiGtZGRMoGjDQ=="
  "resolved" "https://registry.npmjs.org/react-phone-number-input/-/react-phone-number-input-3.1.52.tgz"
  "version" "3.1.52"
  dependencies:
    "classnames" "^2.2.5"
    "country-flag-icons" "^1.0.2"
    "input-format" "^0.3.7"
    "libphonenumber-js" "^1.9.52"
    "prop-types" "^15.7.2"

"react-popper@^2.2.5":
  "integrity" "sha512-e1hj8lL3uM+sgSR4Lxzn5h1GxBlpa4CQz0XLF8kx4MDrDRWY0Ena4c97PUeSX9i5W3UAfDP0z0FXCTQkoXUl3Q=="
  "resolved" "https://registry.npmjs.org/react-popper/-/react-popper-2.3.0.tgz"
  "version" "2.3.0"
  dependencies:
    "react-fast-compare" "^3.0.1"
    "warning" "^4.0.2"

"react-rating-stars-component@^2.2.0":
  "integrity" "sha512-A3lgLxumfFQQicKQmxacZ91fq/zRaVWlCPnVodJmJV6obvod4/yCotetN9WuyBiUfnKsEFDBo/8B85ocwmL7ng=="
  "resolved" "https://registry.npmjs.org/react-rating-stars-component/-/react-rating-stars-component-2.2.0.tgz"
  "version" "2.2.0"

"react-redux@^7.2.1 || ^8.0.0-beta", "react-redux@^8.0.1":
  "integrity" "sha512-LMZMsPY4DYdZfLJgd7i79n5Kps5N9XVLCJJeWAaPYTV+Eah2zTuBjTxKtNEbjiyitbq80/eIkm55CYSLqAub3w=="
  "resolved" "https://registry.npmjs.org/react-redux/-/react-redux-8.0.1.tgz"
  "version" "8.0.1"
  dependencies:
    "@babel/runtime" "^7.12.1"
    "@types/hoist-non-react-statics" "^3.3.1"
    "@types/use-sync-external-store" "^0.0.3"
    "hoist-non-react-statics" "^3.3.2"
    "react-is" "^18.0.0"
    "use-sync-external-store" "^1.0.0"

"react-simple-star-rating@^4.0.0":
  "integrity" "sha512-UiTMJDmaqj9CRqS+pJCyGNiP82VPr8WZxfHGJQSd7r8d4B6OoYQz17QJudRnGsniLhQY0TlZLO9FEg7O2iznHg=="
  "resolved" "https://registry.npmjs.org/react-simple-star-rating/-/react-simple-star-rating-4.0.0.tgz"
  "version" "4.0.0"

"react-slick@^0.28.1":
  "integrity" "sha512-JwRQXoWGJRbUTE7eZI1rGIHaXX/4YuwX6gn7ulfvUZ4vFDVQAA25HcsHSYaUiRCduTr6rskyIuyPMpuG6bbluw=="
  "resolved" "https://registry.npmjs.org/react-slick/-/react-slick-0.28.1.tgz"
  "version" "0.28.1"
  dependencies:
    "classnames" "^2.2.5"
    "enquire.js" "^2.1.6"
    "json2mq" "^0.2.0"
    "lodash.debounce" "^4.0.8"
    "resize-observer-polyfill" "^1.5.0"

"react-to-print@^2.14.7":
  "integrity" "sha512-lWVVAs9Co25uyE0toxcWeFsmaZObwUozXrJD9WMpDPclpBgk+WIzxlt3Q3omL/BCBG/cpf0XNvhayUWa+99YGw=="
  "resolved" "https://registry.npmjs.org/react-to-print/-/react-to-print-2.14.7.tgz"
  "version" "2.14.7"
  dependencies:
    "prop-types" "^15.8.1"

"react-transition-group@^4.4.0":
  "integrity" "sha512-pZcd1MCJoiKiBR2NRxeCRg13uCXbydPnmB4EOeRrY7480qNWO8IIgQG6zlDkm6uRMsURXPuKq0GWtiM59a5Q6g=="
  "resolved" "https://registry.npmjs.org/react-transition-group/-/react-transition-group-4.4.5.tgz"
  "version" "4.4.5"
  dependencies:
    "@babel/runtime" "^7.5.5"
    "dom-helpers" "^5.0.1"
    "loose-envify" "^1.4.0"
    "prop-types" "^15.6.2"

"react@^0.14.0 || ^15.0.1 || ^16.0.0 || ^17.0.0", "react@^0.14.7 || ^15.0.0-0 || ^16.0.0 || ^17.0.0", "react@^15.0.0 || ^16.0.0 || ^17.0.0 || ^18.0.0", "react@^15.5.x || ^16.x || ^17.x", "react@^16.8 || ^17.0 || ^18.0", "react@^16.8.0 || ^17 || ^18", "react@^16.8.0 || ^17.0.0", "react@^16.8.0 || ^17.0.0 || ^18.0.0", "react@^16.9.0 || ^17", "react@^16.9.0 || ^17.0.0 || ^18", "react@^17.0.2", "react@^17.0.2 || ^18.0.0-0", "react@>= 16.8.0 || 17.x.x || ^18.0.0-0", "react@>=0.16.8", "react@>=16.6.0", "react@>=16.8.0", "react@>=16.9.0", "react@17.0.2":
  "integrity" "sha512-gnhPt75i/dq/z3/6q/0asP78D0u592D5L1pd7M8P+dck6Fu/jJeL6iVVK23fptSUZj8Vjf++7wXA8UNclGQcbA=="
  "resolved" "https://registry.npmjs.org/react/-/react-17.0.2.tgz"
  "version" "17.0.2"
  dependencies:
    "loose-envify" "^1.1.0"
    "object-assign" "^4.1.1"

"readdirp@~3.5.0":
  "integrity" "sha512-cMhu7c/8rdhkHXWsY+osBhfSy0JikwpHK/5+imo+LpeasTF8ouErHrlYkwT0++njiyuDvc7OFY5T3ukvZ8qmFQ=="
  "resolved" "https://registry.npmjs.org/readdirp/-/readdirp-3.5.0.tgz"
  "version" "3.5.0"
  dependencies:
    "picomatch" "^2.2.1"

"redux-thunk@^2.4.1":
  "integrity" "sha512-OOYGNY5Jy2TWvTL1KgAlVy6dcx3siPJ1wTq741EPyUKfn6W6nChdICjZwCd0p8AZBs5kWpZlbkXW2nE/zjUa+Q=="
  "resolved" "https://registry.npmjs.org/redux-thunk/-/redux-thunk-2.4.1.tgz"
  "version" "2.4.1"

"redux@^4", "redux@^4.1.2":
  "integrity" "sha512-oSBmcKKIuIR4ME29/AeNUnl5L+hvBq7OaJWzaptTQJAntaPvxIJqfnjbaEiCzzaIz+XmVILfqAM3Ob0aXLPfjA=="
  "resolved" "https://registry.npmjs.org/redux/-/redux-4.2.0.tgz"
  "version" "4.2.0"
  dependencies:
    "@babel/runtime" "^7.9.2"

"regenerator-runtime@^0.13.4":
  "integrity" "sha512-plpwicqEzfEyTQohIKktWigcLzmNStMGwbOUbykx51/29Z3JOGYldaaNGK7ngNXV+UcoqvIMmloZ48Sr74sd+g=="
  "resolved" "https://registry.npmjs.org/regenerator-runtime/-/regenerator-runtime-0.13.4.tgz"
  "version" "0.13.4"

"reselect@^4.1.5":
  "integrity" "sha512-uVdlz8J7OO+ASpBYoz1Zypgx0KasCY20H+N8JD13oUMtPvSHQuscrHop4KbXrbsBcdB9Ds7lVK7eRkBIfO43vQ=="
  "resolved" "https://registry.npmjs.org/reselect/-/reselect-4.1.5.tgz"
  "version" "4.1.5"

"resize-observer-polyfill@^1.5.0", "resize-observer-polyfill@^1.5.1":
  "integrity" "sha512-LwZrotdHOo12nQuZlHEmtuXdqGoOD0OhaxopaNFxWzInpEgaLWoVuAMbTzixuosCx2nEG58ngzW3vxdWoxIgdg=="
  "resolved" "https://registry.npmjs.org/resize-observer-polyfill/-/resize-observer-polyfill-1.5.1.tgz"
  "version" "1.5.1"

"sass@^1.3.0", "sass@1.26.3":
  "integrity" "sha512-5NMHI1+YFYw4sN3yfKjpLuV9B5l7MqQ6FlkTcC4FT+oHbBRUZoSjHrrt/mE0nFXJyY2kQtU9ou9HxvFVjLFuuw=="
  "resolved" "https://registry.npmjs.org/sass/-/sass-1.26.3.tgz"
  "version" "1.26.3"
  dependencies:
    "chokidar" ">=2.0.0 <4.0.0"

"scheduler@^0.20.2":
  "integrity" "sha512-2eWfGgAqqWFGqtdMmcL5zCMK1U8KlXv8SQFGglL3CEtd0aDVDWgeF/YoCmvln55m5zSk3J/20hTaSBeSObsQDQ=="
  "resolved" "https://registry.npmjs.org/scheduler/-/scheduler-0.20.2.tgz"
  "version" "0.20.2"
  dependencies:
    "loose-envify" "^1.1.0"
    "object-assign" "^4.1.1"

"shallowequal@^1.1.0":
  "integrity" "sha512-y0m1JoUZSlPAjXVtPPW70aZWfIL/dSP7AFkRnniLCrK/8MDKog3TySTBmckD+RObVxH0v4Tox67+F14PdED2oQ=="
  "resolved" "https://registry.npmjs.org/shallowequal/-/shallowequal-1.1.0.tgz"
  "version" "1.1.0"

"slick-carousel@^1.8.1":
  "integrity" "sha512-XB9Ftrf2EEKfzoQXt3Nitrt/IPbT+f1fgqBdoxO3W/+JYvtEOW6EgxnWfr9GH6nmULv7Y2tPmEX3koxThVmebA=="
  "resolved" "https://registry.npmjs.org/slick-carousel/-/slick-carousel-1.8.1.tgz"
  "version" "1.8.1"

"source-map-js@^1.0.1":
  "integrity" "sha512-R0XvVJ9WusLiqTCEiGCmICCMplcCkIwwR11mOSD9CR5u+IXYdiseeEuXCVAjS54zqwkLcPNnmU4OeJ6tUrWhDw=="
  "resolved" "https://registry.npmjs.org/source-map-js/-/source-map-js-1.0.2.tgz"
  "version" "1.0.2"

"string-convert@^0.2.0":
  "integrity" "sha1-aYLMMEn7tM2F+LJFaLnZvznu/5c="
  "resolved" "https://registry.npmjs.org/string-convert/-/string-convert-0.2.1.tgz"
  "version" "0.2.1"

"styled-jsx@5.0.2":
  "integrity" "sha512-LqPQrbBh3egD57NBcHET4qcgshPks+yblyhPlH2GY8oaDgKs8SK4C3dBh3oSJjgzJ3G5t1SYEZGHkP+QEpX9EQ=="
  "resolved" "https://registry.npmjs.org/styled-jsx/-/styled-jsx-5.0.2.tgz"
  "version" "5.0.2"

"tiny-warning@^1.0.2":
  "integrity" "sha512-lBN9zLN/oAf68o3zNXYrdCt1kP8WsiGW8Oo2ka41b2IM5JL/S1CTyX1rW0mb/zSuJun0ZUrDxx4sqvYS2FWzPA=="
  "resolved" "https://registry.npmjs.org/tiny-warning/-/tiny-warning-1.0.3.tgz"
  "version" "1.0.3"

"to-regex-range@^5.0.1":
  "integrity" "sha512-65P7iz6X5yEr1cwcgvQxbbIw7Uk3gOy5dIdtZ4rDveLqhrdJP+Li/Hx6tyK0NEb+2GCyneCMJiGqrADCSNk8sQ=="
  "resolved" "https://registry.npmjs.org/to-regex-range/-/to-regex-range-5.0.1.tgz"
  "version" "5.0.1"
  dependencies:
    "is-number" "^7.0.0"

"use-sync-external-store@^1.0.0":
  "integrity" "sha512-SEnieB2FPKEVne66NpXPd1Np4R1lTNKfjuy3XdIoPQKYBAFdzbzSZlSn1KJZUiihQLQC5Znot4SBz1EOTBwQAQ=="
  "resolved" "https://registry.npmjs.org/use-sync-external-store/-/use-sync-external-store-1.1.0.tgz"
  "version" "1.1.0"

"warning@^4.0.2":
  "integrity" "sha512-rpJyN222KWIvHJ/F53XSZv0Zl/accqHR8et1kpaMTD/fLCRxtV8iX8czMzY7sVZupTI3zcUTg8eycS2kNF9l6w=="
  "resolved" "https://registry.npmjs.org/warning/-/warning-4.0.3.tgz"
  "version" "4.0.3"
  dependencies:
    "loose-envify" "^1.0.0"
